
Microsoft Visual Studio Solution File, Format Version 12.00
# Visual Studio Version 16
Project("{8BC9CEB8-8B4A-11D0-8D11-00A0C91BC942}") = "ALL_BUILD", "ALL_BUILD.vcxproj", "{231DD7C7-70D7-3712-8CDA-3502CBEF6719}"
	ProjectSection(ProjectDependencies) = postProject
		{210E2C10-63CF-34B8-A914-70D7F8F94B8F} = {210E2C10-63CF-34B8-A914-70D7F8F94B8F}
		{D599EF61-C804-3F76-81D6-E1167AB7CE22} = {D599EF61-C804-3F76-81D6-E1167AB7CE22}
	EndProjectSection
EndProject
Project("{8BC9CEB8-8B4A-11D0-8D11-00A0C91BC942}") = "MinimalQtVTKApp", "MinimalQtVTKApp.vcxproj", "{210E2C10-63CF-34B8-A914-70D7F8F94B8F}"
	ProjectSection(ProjectDependencies) = postProject
		{D599EF61-C804-3F76-81D6-E1167AB7CE22} = {D599EF61-C804-3F76-81D6-E1167AB7CE22}
	EndProjectSection
EndProject
Project("{8BC9CEB8-8B4A-11D0-8D11-00A0C91BC942}") = "ZERO_CHECK", "ZERO_CHECK.vcxproj", "{D599EF61-C804-3F76-81D6-E1167AB7CE22}"
	ProjectSection(ProjectDependencies) = postProject
	EndProjectSection
EndProject
Global
	GlobalSection(SolutionConfigurationPlatforms) = preSolution
		Debug|x64 = Debug|x64
		Release|x64 = Release|x64
		MinSizeRel|x64 = MinSizeRel|x64
		RelWithDebInfo|x64 = RelWithDebInfo|x64
	EndGlobalSection
	GlobalSection(ProjectConfigurationPlatforms) = postSolution
		{231DD7C7-70D7-3712-8CDA-3502CBEF6719}.Debug|x64.ActiveCfg = Debug|x64
		{231DD7C7-70D7-3712-8CDA-3502CBEF6719}.Release|x64.ActiveCfg = Release|x64
		{231DD7C7-70D7-3712-8CDA-3502CBEF6719}.MinSizeRel|x64.ActiveCfg = MinSizeRel|x64
		{231DD7C7-70D7-3712-8CDA-3502CBEF6719}.RelWithDebInfo|x64.ActiveCfg = RelWithDebInfo|x64
		{210E2C10-63CF-34B8-A914-70D7F8F94B8F}.Debug|x64.ActiveCfg = Debug|x64
		{210E2C10-63CF-34B8-A914-70D7F8F94B8F}.Debug|x64.Build.0 = Debug|x64
		{210E2C10-63CF-34B8-A914-70D7F8F94B8F}.Release|x64.ActiveCfg = Release|x64
		{210E2C10-63CF-34B8-A914-70D7F8F94B8F}.Release|x64.Build.0 = Release|x64
		{210E2C10-63CF-34B8-A914-70D7F8F94B8F}.MinSizeRel|x64.ActiveCfg = MinSizeRel|x64
		{210E2C10-63CF-34B8-A914-70D7F8F94B8F}.MinSizeRel|x64.Build.0 = MinSizeRel|x64
		{210E2C10-63CF-34B8-A914-70D7F8F94B8F}.RelWithDebInfo|x64.ActiveCfg = RelWithDebInfo|x64
		{210E2C10-63CF-34B8-A914-70D7F8F94B8F}.RelWithDebInfo|x64.Build.0 = RelWithDebInfo|x64
		{D599EF61-C804-3F76-81D6-E1167AB7CE22}.Debug|x64.ActiveCfg = Debug|x64
		{D599EF61-C804-3F76-81D6-E1167AB7CE22}.Debug|x64.Build.0 = Debug|x64
		{D599EF61-C804-3F76-81D6-E1167AB7CE22}.Release|x64.ActiveCfg = Release|x64
		{D599EF61-C804-3F76-81D6-E1167AB7CE22}.Release|x64.Build.0 = Release|x64
		{D599EF61-C804-3F76-81D6-E1167AB7CE22}.MinSizeRel|x64.ActiveCfg = MinSizeRel|x64
		{D599EF61-C804-3F76-81D6-E1167AB7CE22}.MinSizeRel|x64.Build.0 = MinSizeRel|x64
		{D599EF61-C804-3F76-81D6-E1167AB7CE22}.RelWithDebInfo|x64.ActiveCfg = RelWithDebInfo|x64
		{D599EF61-C804-3F76-81D6-E1167AB7CE22}.RelWithDebInfo|x64.Build.0 = RelWithDebInfo|x64
	EndGlobalSection
	GlobalSection(ExtensibilityGlobals) = postSolution
		SolutionGuid = {42581231-861D-31D2-BA65-80D5F73F7851}
	EndGlobalSection
	GlobalSection(ExtensibilityAddIns) = postSolution
	EndGlobalSection
EndGlobal
